
Microsoft Visual Studio Solution File, Format Version 12.00
# Visual Studio Version 17
VisualStudioVersion = 17.6.33815.320
MinimumVisualStudioVersion = 10.0.40219.1
Project("{FAE04EC0-301F-11D3-BF4B-00C04F79EFBC}") = "ToDo.API", "ToDo\ToDo.API.csproj", "{5D2663B2-3C3F-433C-B538-B2C6D0928C48}"
EndProject
Project("{FAE04EC0-301F-11D3-BF4B-00C04F79EFBC}") = "ToDo.DAL", "ToDo.DAL\ToDo.DAL.csproj", "{91E808B5-7D5A-47E1-9162-1D3EA96898CF}"
EndProject
Project("{FAE04EC0-301F-11D3-BF4B-00C04F79EFBC}") = "ToDo.BL", "ToDo.BL\ToDo.BL.csproj", "{22E7A322-C270-4344-89F3-5A060B25EEF8}"
EndProject
Global
	GlobalSection(SolutionConfigurationPlatforms) = preSolution
		Debug|Any CPU = Debug|Any CPU
		Release|Any CPU = Release|Any CPU
	EndGlobalSection
	GlobalSection(ProjectConfigurationPlatforms) = postSolution
		{5D2663B2-3C3F-433C-B538-B2C6D0928C48}.Debug|Any CPU.ActiveCfg = Debug|Any CPU
		{5D2663B2-3C3F-433C-B538-B2C6D0928C48}.Debug|Any CPU.Build.0 = Debug|Any CPU
		{5D2663B2-3C3F-433C-B538-B2C6D0928C48}.Release|Any CPU.ActiveCfg = Release|Any CPU
		{5D2663B2-3C3F-433C-B538-B2C6D0928C48}.Release|Any CPU.Build.0 = Release|Any CPU
		{91E808B5-7D5A-47E1-9162-1D3EA96898CF}.Debug|Any CPU.ActiveCfg = Debug|Any CPU
		{91E808B5-7D5A-47E1-9162-1D3EA96898CF}.Debug|Any CPU.Build.0 = Debug|Any CPU
		{91E808B5-7D5A-47E1-9162-1D3EA96898CF}.Release|Any CPU.ActiveCfg = Release|Any CPU
		{91E808B5-7D5A-47E1-9162-1D3EA96898CF}.Release|Any CPU.Build.0 = Release|Any CPU
		{22E7A322-C270-4344-89F3-5A060B25EEF8}.Debug|Any CPU.ActiveCfg = Debug|Any CPU
		{22E7A322-C270-4344-89F3-5A060B25EEF8}.Debug|Any CPU.Build.0 = Debug|Any CPU
		{22E7A322-C270-4344-89F3-5A060B25EEF8}.Release|Any CPU.ActiveCfg = Release|Any CPU
		{22E7A322-C270-4344-89F3-5A060B25EEF8}.Release|Any CPU.Build.0 = Release|Any CPU
	EndGlobalSection
	GlobalSection(SolutionProperties) = preSolution
		HideSolutionNode = FALSE
	EndGlobalSection
	GlobalSection(ExtensibilityGlobals) = postSolution
		SolutionGuid = {4B7AC540-AB50-4BBE-91F8-2C755CA6FDAE}
	EndGlobalSection
EndGlobal
